
Microsoft Visual Studio Solution File, Format Version 12.00
# Visual Studio Version 16
VisualStudioVersion = 16.0.30621.155
MinimumVisualStudioVersion = 10.0.40219.1
Project("{FAE04EC0-301F-11D3-BF4B-00C04F79EFBC}") = "OpKanban", "OpKanban\OpKanban.csproj", "{B21942CD-2652-470B-B59F-501775A9561A}"
EndProject
Global
	GlobalSection(SolutionConfigurationPlatforms) = preSolution
		Debug|Any CPU = Debug|Any CPU
		Release|Any CPU = Release|Any CPU
	EndGlobalSection
	GlobalSection(ProjectConfigurationPlatforms) = postSolution
		{B21942CD-2652-470B-B59F-501775A9561A}.Debug|Any CPU.ActiveCfg = Debug|Any CPU
		{B21942CD-2652-470B-B59F-501775A9561A}.Debug|Any CPU.Build.0 = Debug|Any CPU
		{B21942CD-2652-470B-B59F-501775A9561A}.Release|Any CPU.ActiveCfg = Release|Any CPU
		{B21942CD-2652-470B-B59F-501775A9561A}.Release|Any CPU.Build.0 = Release|Any CPU
	EndGlobalSection
	GlobalSection(SolutionProperties) = preSolution
		HideSolutionNode = FALSE
	EndGlobalSection
	GlobalSection(ExtensibilityGlobals) = postSolution
		SolutionGuid = {C6CB1E2A-17B7-428A-A393-62BC79F2EFC7}
	EndGlobalSection
EndGlobal
